PODS:
  - Differentiator (5.0.0)
  - FloatRatingView (4.0)
  - Kingfisher (7.1.1)
  - Realm (10.13.0):
    - Realm/Headers (= 10.13.0)
  - Realm/Headers (10.13.0)
  - RealmSwift (10.13.0):
    - Realm (= 10.13.0)
  - Runtime (2.2.2)
  - RxCocoa (6.2.0):
    - RxRelay (= 6.2.0)
    - RxSwift (= 6.2.0)
  - RxDataSources (5.0.0):
    - Differentiator (~> 5.0)
    - RxCocoa (~> 6.0)
    - RxSwift (~> 6.0)
  - RxRelay (6.2.0):
    - RxSwift (= 6.2.0)
  - RxSwift (6.2.0)
  - Unrealm (1.9.3):
    - Realm
    - RealmSwift
    - Runtime

DEPENDENCIES:
  - FloatRatingView (~> 4)
  - Kingfisher (~> 7.0)
  - RxCocoa
  - RxDataSources
  - RxSwift
  - Unrealm

SPEC REPOS:
  trunk:
    - Differentiator
    - FloatRatingView
    - Kingfisher
    - Realm
    - RealmSwift
    - Runtime
    - RxCocoa
    - RxDataSources
    - RxRelay
    - RxSwift
    - Unrealm

SPEC CHECKSUMS:
  Differentiator: e8497ceab83c1b10ca233716d547b9af21b9344d
  FloatRatingView: bb6bdddfbeec51b1d387b4bd50abc27b4dfccd48
  Kingfisher: f738f9c4a3415823b8e2985d10aa2d6a9f37bc4d
  Realm: e3a1225aafa7cec96a020dc199201b9d1f9cd59c
  RealmSwift: 62585b4a934754a9d9117331689f4e8a5b1f6113
  Runtime: 67741bd196fb4ad821c4d259ccc527bf734d8806
  RxCocoa: 4baf94bb35f2c0ab31bc0cb9f1900155f646ba42
  RxDataSources: aa47cc1ed6c500fa0dfecac5c979b723542d79cf
  RxRelay: e72dbfd157807478401ef1982e1c61c945c94b2f
  RxSwift: d356ab7bee873611322f134c5f9ef379fa183d8f
  Unrealm: 2f74cb992a292256a328edc2cffda950e14c5281

PODFILE CHECKSUM: 3c62672383646b5c3ddae714bb9bde5cb0c36438

COCOAPODS: 1.12.0
